// !$*UTF8*$!
{
	archiveVersion = 1;
	classes = {
	};
	objectVersion = 50;
	objects = {

/* Begin PBXBuildFile section */
		279116D923DEF78400B6CC58 /* AppDelegate.swift in Sources */ = {isa = PBXBuildFile; fileRef = 279116D823DEF78400B6CC58 /* AppDelegate.swift */; };
		279116DB23DEF78400B6CC58 /* SceneDelegate.swift in Sources */ = {isa = PBXBuildFile; fileRef = 279116DA23DEF78400B6CC58 /* SceneDelegate.swift */; };
		279116DD23DEF78400B6CC58 /* ContentView.swift in Sources */ = {isa = PBXBuildFile; fileRef = 279116DC23DEF78400B6CC58 /* ContentView.swift */; };
		279116DF23DEF78500B6CC58 /* Assets.xcassets in Resources */ = {isa = PBXBuildFile; fileRef = 279116DE23DEF78500B6CC58 /* Assets.xcassets */; };
		279116E223DEF78500B6CC58 /* Preview Assets.xcassets in Resources */ = {isa = PBXBuildFile; fileRef = 279116E123DEF78500B6CC58 /* Preview Assets.xcassets */; };
		279116E523DEF78500B6CC58 /* LaunchScreen.storyboard in Resources */ = {isa = PBXBuildFile; fileRef = 279116E323DEF78500B6CC58 /* LaunchScreen.storyboard */; };
		279116ED23DEF8CA00B6CC58 /* DetailView.swift in Sources */ = {isa = PBXBuildFile; fileRef = 279116EC23DEF8CA00B6CC58 /* DetailView.swift */; };
/* End PBXBuildFile section */

/* Begin PBXFileReference section */
		279116D523DEF78400B6CC58 /* MyFirstNavigation.app */ = {isa = PBXFileReference; explicitFileType = wrapper.application; includeInIndex = 0; path = MyFirstNavigation.app; sourceTree = BUILT_PRODUCTS_DIR; };
		279116D823DEF78400B6CC58 /* AppDelegate.swift */ = {isa = PBXFileReference; lastKnownFileType = sourcecode.swift; path = AppDelegate.swift; sourceTree = "<group>"; };
		279116DA23DEF78400B6CC58 /* SceneDelegate.swift */ = {isa = PBXFileReference; lastKnownFileType = sourcecode.swift; path = SceneDelegate.swift; sourceTree = "<group>"; };
		279116DC23DEF78400B6CC58 /* ContentView.swift */ = {isa = PBXFileReference; lastKnownFileType = sourcecode.swift; path = ContentView.swift; sourceTree = "<group>"; };
		279116DE23DEF78500B6CC58 /* Assets.xcassets */ = {isa = PBXFileReference; lastKnownFileType = folder.assetcatalog; path = Assets.xcassets; sourceTree = "<group>"; };
		279116E123DEF78500B6CC58 /* Preview Assets.xcassets */ = {isa = PBXFileReference; lastKnownFileType = folder.assetcatalog; path = "Preview Assets.xcassets"; sourceTree = "<group>"; };
		279116E423DEF78500B6CC58 /* Base */ = {isa = PBXFileReference; lastKnownFileType = file.storyboard; name = Base; path = Base.lproj/LaunchScreen.storyboard; sourceTree = "<group>"; };
		279116E623DEF78500B6CC58 /* Info.plist */ = {isa = PBXFileReference; lastKnownFileType = text.plist.xml; path = Info.plist; sourceTree = "<group>"; };
		279116EC23DEF8CA00B6CC58 /* DetailView.swift */ = {isa = PBXFileReference; lastKnownFileType = sourcecode.swift; path = DetailView.swift; sourceTree = "<group>"; };
/* End PBXFileReference section */

/* Begin PBXFrameworksBuildPhase section */
		279116D223DEF78400B6CC58 /* Frameworks */ = {
			isa = PBXFrameworksBuildPhase;
			buildActionMask = 2147483647;
			files = (
			);
			runOnlyForDeploymentPostprocessing = 0;
		};
/* End PBXFrameworksBuildPhase section */

/* Begin PBXGroup section */
		279116CC23DEF78400B6CC58 = {
			isa = PBXGroup;
			children = (
				279116D723DEF78400B6CC58 /* MyFirstNavigation */,
				279116D623DEF78400B6CC58 /* Products */,
			);
			sourceTree = "<group>";
		};
		279116D623DEF78400B6CC58 /* Products */ = {
			isa = PBXGroup;
			children = (
				279116D523DEF78400B6CC58 /* MyFirstNavigation.app */,
			);
			name = Products;
			sourceTree = "<group>";
		};
		279116D723DEF78400B6CC58 /* MyFirstNavigation */ = {
			isa = PBXGroup;
			children = (
				279116D823DEF78400B6CC58 /* AppDelegate.swift */,
				279116DA23DEF78400B6CC58 /* SceneDelegate.swift */,
				279116EC23DEF8CA00B6CC58 /* DetailView.swift */,
				279116DC23DEF78400B6CC58 /* ContentView.swift */,
				279116DE23DEF78500B6CC58 /* Assets.xcassets */,
				279116E323DEF78500B6CC58 /* LaunchScreen.storyboard */,
				279116E623DEF78500B6CC58 /* Info.plist */,
				279116E023DEF78500B6CC58 /* Preview Content */,
			);
			path = MyFirstNavigation;
			sourceTree = "<group>";
		};
		279116E023DEF78500B6CC58 /* Preview Content */ = {
			isa = PBXGroup;
			children = (
				279116E123DEF78500B6CC58 /* Preview Assets.xcassets */,
			);
			path = "Preview Content";
			sourceTree = "<group>";
		};
/* End PBXGroup section */

/* Begin PBXNativeTarget section */
		279116D423DEF78400B6CC58 /* MyFirstNavigation */ = {
			isa = PBXNativeTarget;
			buildConfigurationList = 279116E923DEF78500B6CC58 /* Build configuration list for PBXNativeTarget "MyFirstNavigation" */;
			buildPhases = (
				279116D123DEF78400B6CC58 /* Sources */,
				279116D223DEF78400B6CC58 /* Frameworks */,
				279116D323DEF78400B6CC58 /* Resources */,
			);
			buildRules = (
			);
			dependencies = (
			);
			name = MyFirstNavigation;
			productName = MyFirstNavigation;
			productReference = 279116D523DEF78400B6CC58 /* MyFirstNavigation.app */;
			productType = "com.apple.product-type.application";
		};
/* End PBXNativeTarget section */

/* Begin PBXProject section */
		279116CD23DEF78400B6CC58 /* Project object */ = {
			isa = PBXProject;
			attributes = {
				LastSwiftUpdateCheck = 1130;
				LastUpgradeCheck = 1130;
				ORGANIZATIONNAME = "Guole YANG";
				TargetAttributes = {
					279116D423DEF78400B6CC58 = {
						CreatedOnToolsVersion = 11.3;
					};
				};
			};
			buildConfigurationList = 279116D023DEF78400B6CC58 /* Build configuration list for PBXProject "MyFirstNavigation" */;
			compatibilityVersion = "Xcode 9.3";
			developmentRegion = en;
			hasScannedForEncodings = 0;
			knownRegions = (
				en,
				Base,
			);
			mainGroup = 279116CC23DEF78400B6CC58;
			productRefGroup = 279116D623DEF78400B6CC58 /* Products */;
			projectDirPath = "";
			projectRoot = "";
			targets = (
				279116D423DEF78400B6CC58 /* MyFirstNavigation */,
			);
		};
/* End PBXProject section */

/* Begin PBXResourcesBuildPhase section */
		279116D323DEF78400B6CC58 /* Resources */ = {
			isa = PBXResourcesBuildPhase;
			buildActionMask = 2147483647;
			files = (
				279116E523DEF78500B6CC58 /* LaunchScreen.storyboard in Resources */,
				279116E223DEF78500B6CC58 /* Preview Assets.xcassets in Resources */,
				279116DF23DEF78500B6CC58 /* Assets.xcassets in Resources */,
			);
			runOnlyForDeploymentPostprocessing = 0;
		};
/* End PBXResourcesBuildPhase section */

/* Begin PBXSourcesBuildPhase section */
		279116D123DEF78400B6CC58 /* Sources */ = {
			isa = PBXSourcesBuildPhase;
			buildActionMask = 2147483647;
			files = (
				279116D923DEF78400B6CC58 /* AppDelegate.swift in Sources */,
				279116ED23DEF8CA00B6CC58 /* DetailView.swift in Sources */,
				279116DB23DEF78400B6CC58 /* SceneDelegate.swift in Sources */,
				279116DD23DEF78400B6CC58 /* ContentView.swift in Sources */,
			);
			runOnlyForDeploymentPostprocessing = 0;
		};
/* End PBXSourcesBuildPhase section */

/* Begin PBXVariantGroup section */
		279116E323DEF78500B6CC58 /* LaunchScreen.storyboard */ = {
			isa = PBXVariantGroup;
			children = (
				279116E423DEF78500B6CC58 /* Base */,
			);
			name = LaunchScreen.storyboard;
			sourceTree = "<group>";
		};
/* End PBXVariantGroup section */

/* Begin XCBuildConfiguration section */
		279116E723DEF78500B6CC58 /* Debug */ = {
			isa = XCBuildConfiguration;
			buildSettings = {
				ALWAYS_SEARCH_USER_PATHS = NO;
				CLANG_ANALYZER_NONNULL = YES;
				CLANG_ANALYZER_NUMBER_OBJECT_CONVERSION = YES_AGGRESSIVE;
				CLANG_CXX_LANGUAGE_STANDARD = "gnu++14";
				CLANG_CXX_LIBRARY = "libc++";
				CLANG_ENABLE_MODULES = YES;
				CLANG_ENABLE_OBJC_ARC = YES;
				CLANG_ENABLE_OBJC_WEAK = YES;
				CLANG_WARN_BLOCK_CAPTURE_AUTORELEASING = YES;
				CLANG_WARN_BOOL_CONVERSION = YES;
				CLANG_WARN_COMMA = YES;
				CLANG_WARN_CONSTANT_CONVERSION = YES;
				CLANG_WARN_DEPRECATED_OBJC_IMPLEMENTATIONS = YES;
				CLANG_WARN_DIRECT_OBJC_ISA_USAGE = YES_ERROR;
				CLANG_WARN_DOCUMENTATION_COMMENTS = YES;
				CLANG_WARN_EMPTY_BODY = YES;
				CLANG_WARN_ENUM_CONVERSION = YES;
				CLANG_WARN_INFINITE_RECURSION = YES;
				CLANG_WARN_INT_CONVERSION = YES;
				CLANG_WARN_NON_LITERAL_NULL_CONVERSION = YES;
				CLANG_WARN_OBJC_IMPLICIT_RETAIN_SELF = YES;
				CLANG_WARN_OBJC_LITERAL_CONVERSION = YES;
				CLANG_WARN_OBJC_ROOT_CLASS = YES_ERROR;
				CLANG_WARN_RANGE_LOOP_ANALYSIS = YES;
				CLANG_WARN_STRICT_PROTOTYPES = YES;
				CLANG_WARN_SUSPICIOUS_MOVE = YES;
				CLANG_WARN_UNGUARDED_AVAILABILITY = YES_AGGRESSIVE;
				CLANG_WARN_UNREACHABLE_CODE = YES;
				CLANG_WARN__DUPLICATE_METHOD_MATCH = YES;
				COPY_PHASE_STRIP = NO;
				DEBUG_INFORMATION_FORMAT = dwarf;
				ENABLE_STRICT_OBJC_MSGSEND = YES;
				ENABLE_TESTABILITY = YES;
				GCC_C_LANGUAGE_STANDARD = gnu11;
				GCC_DYNAMIC_NO_PIC = NO;
				GCC_NO_COMMON_BLOCKS = YES;
				GCC_OPTIMIZATION_LEVEL = 0;
				GCC_PREPROCESSOR_DEFINITIONS = (
					"DEBUG=1",
					"$(inherited)",
				);
				GCC_WARN_64_TO_32_BIT_CONVERSION = YES;
				GCC_WARN_ABOUT_RETURN_TYPE = YES_ERROR;
				GCC_WARN_UNDECLARED_SELECTOR = YES;
				GCC_WARN_UNINITIALIZED_AUTOS = YES_AGGRESSIVE;
				GCC_WARN_UNUSED_FUNCTION = YES;
				GCC_WARN_UNUSED_VARIABLE = YES;
				IPHONEOS_DEPLOYMENT_TARGET = 13.2;
				MTL_ENABLE_DEBUG_INFO = INCLUDE_SOURCE;
				MTL_FAST_MATH = YES;
				ONLY_ACTIVE_ARCH = YES;
				SDKROOT = iphoneos;
				SWIFT_ACTIVE_COMPILATION_CONDITIONS = DEBUG;
				SWIFT_OPTIMIZATION_LEVEL = "-Onone";
			};
			name = Debug;
		};
		279116E823DEF78500B6CC58 /* Release */ = {
			isa = XCBuildConfiguration;
			buildSettings = {
				ALWAYS_SEARCH_USER_PATHS = NO;
				CLANG_ANALYZER_NONNULL = YES;
				CLANG_ANALYZER_NUMBER_OBJECT_CONVERSION = YES_AGGRESSIVE;
				CLANG_CXX_LANGUAGE_STANDARD = "gnu++14";
				CLANG_CXX_LIBRARY = "libc++";
				CLANG_ENABLE_MODULES = YES;
				CLANG_ENABLE_OBJC_ARC = YES;
				CLANG_ENABLE_OBJC_WEAK = YES;
				CLANG_WARN_BLOCK_CAPTURE_AUTORELEASING = YES;
				CLANG_WARN_BOOL_CONVERSION = YES;
				CLANG_WARN_COMMA = YES;
				CLANG_WARN_CONSTANT_CONVERSION = YES;
				CLANG_WARN_DEPRECATED_OBJC_IMPLEMENTATIONS = YES;
				CLANG_WARN_DIRECT_OBJC_ISA_USAGE = YES_ERROR;
				CLANG_WARN_DOCUMENTATION_COMMENTS = YES;
				CLANG_WARN_EMPTY_BODY = YES;
				CLANG_WARN_ENUM_CONVERSION = YES;
				CLANG_WARN_INFINITE_RECURSION = YES;
				CLANG_WARN_INT_CONVERSION = YES;
				CLANG_WARN_NON_LITERAL_NULL_CONVERSION = YES;
				CLANG_WARN_OBJC_IMPLICIT_RETAIN_SELF = YES;
				CLANG_WARN_OBJC_LITERAL_CONVERSION = YES;
				CLANG_WARN_OBJC_ROOT_CLASS = YES_ERROR;
				CLANG_WARN_RANGE_LOOP_ANALYSIS = YES;
				CLANG_WARN_STRICT_PROTOTYPES = YES;
				CLANG_WARN_SUSPICIOUS_MOVE = YES;
				CLANG_WARN_UNGUARDED_AVAILABILITY = YES_AGGRESSIVE;
				CLANG_WARN_UNREACHABLE_CODE = YES;
				CLANG_WARN__DUPLICATE_METHOD_MATCH = YES;
				COPY_PHASE_STRIP = NO;
				DEBUG_INFORMATION_FORMAT = "dwarf-with-dsym";
				ENABLE_NS_ASSERTIONS = NO;
				ENABLE_STRICT_OBJC_MSGSEND = YES;
				GCC_C_LANGUAGE_STANDARD = gnu11;
				GCC_NO_COMMON_BLOCKS = YES;
				GCC_WARN_64_TO_32_BIT_CONVERSION = YES;
				GCC_WARN_ABOUT_RETURN_TYPE = YES_ERROR;
				GCC_WARN_UNDECLARED_SELECTOR = YES;
				GCC_WARN_UNINITIALIZED_AUTOS = YES_AGGRESSIVE;
				GCC_WARN_UNUSED_FUNCTION = YES;
				GCC_WARN_UNUSED_VARIABLE = YES;
				IPHONEOS_DEPLOYMENT_TARGET = 13.2;
				MTL_ENABLE_DEBUG_INFO = NO;
				MTL_FAST_MATH = YES;
				SDKROOT = iphoneos;
				SWIFT_COMPILATION_MODE = wholemodule;
				SWIFT_OPTIMIZATION_LEVEL = "-O";
				VALIDATE_PRODUCT = YES;
			};
			name = Release;
		};
		279116EA23DEF78500B6CC58 /* Debug */ = {
			isa = XCBuildConfiguration;
			buildSettings = {
				ASSETCATALOG_COMPILER_APPICON_NAME = AppIcon;
				CODE_SIGN_STYLE = Automatic;
				DEVELOPMENT_ASSET_PATHS = "\"MyFirstNavigation/Preview Content\"";
				ENABLE_PREVIEWS = YES;
				INFOPLIST_FILE = MyFirstNavigation/Info.plist;
				LD_RUNPATH_SEARCH_PATHS = (
					"$(inherited)",
					"@executable_path/Frameworks",
				);
				PRODUCT_BUNDLE_IDENTIFIER = com.yang.MyFirstNavigation;
				PRODUCT_NAME = "$(TARGET_NAME)";
				SWIFT_VERSION = 5.0;
				TARGETED_DEVICE_FAMILY = "1,2";
			};
			name = Debug;
		};
		279116EB23DEF78500B6CC58 /* Release */ = {
			isa = XCBuildConfiguration;
			buildSettings = {
				ASSETCATALOG_COMPILER_APPICON_NAME = AppIcon;
				CODE_SIGN_STYLE = Automatic;
				DEVELOPMENT_ASSET_PATHS = "\"MyFirstNavigation/Preview Content\"";
				ENABLE_PREVIEWS = YES;
				INFOPLIST_FILE = MyFirstNavigation/Info.plist;
				LD_RUNPATH_SEARCH_PATHS = (
					"$(inherited)",
					"@executable_path/Frameworks",
				);
				PRODUCT_BUNDLE_IDENTIFIER = com.yang.MyFirstNavigation;
				PRODUCT_NAME = "$(TARGET_NAME)";
				SWIFT_VERSION = 5.0;
				TARGETED_DEVICE_FAMILY = "1,2";
			};
			name = Release;
		};
/* End XCBuildConfiguration section */

/* Begin XCConfigurationList section */
		279116D023DEF78400B6CC58 /* Build configuration list for PBXProject "MyFirstNavigation" */ = {
			isa = XCConfigurationList;
			buildConfigurations = (
				279116E723DEF78500B6CC58 /* Debug */,
				279116E823DEF78500B6CC58 /* Release */,
			);
			defaultConfigurationIsVisible = 0;
			defaultConfigurationName = Release;
		};
		279116E923DEF78500B6CC58 /* Build configuration list for PBXNativeTarget "MyFirstNavigation" */ = {
			isa = XCConfigurationList;
			buildConfigurations = (
				279116EA23DEF78500B6CC58 /* Debug */,
				279116EB23DEF78500B6CC58 /* Release */,
			);
			defaultConfigurationIsVisible = 0;
			defaultConfigurationName = Release;
		};
/* End XCConfigurationList section */
	};
	rootObject = 279116CD23DEF78400B6CC58 /* Project object */;
}
